
Microsoft Visual Studio Solution File, Format Version 12.00
# Visual Studio 2017
Project("{FAE04EC0-301F-11D3-BF4B-00C04F79EFBC}") = "DatashotFPS", "DatashotFPS.csproj", "{CE2C8FD9-FDB3-24B8-1007-897745690CE6}"
EndProject
Global
	GlobalSection(SolutionConfigurationPlatforms) = preSolution
		Debug|Any CPU = Debug|Any CPU
		Release|Any CPU = Release|Any CPU
	EndGlobalSection
	GlobalSection(ProjectConfigurationPlatforms) = postSolution
		{CE2C8FD9-FDB3-24B8-1007-897745690CE6}.Debug|Any CPU.ActiveCfg = Debug|Any CPU
		{CE2C8FD9-FDB3-24B8-1007-897745690CE6}.Debug|Any CPU.Build.0 = Debug|Any CPU
		{CE2C8FD9-FDB3-24B8-1007-897745690CE6}.Release|Any CPU.ActiveCfg = Release|Any CPU
		{CE2C8FD9-FDB3-24B8-1007-897745690CE6}.Release|Any CPU.Build.0 = Release|Any CPU
	EndGlobalSection
	GlobalSection(SolutionProperties) = preSolution
		HideSolutionNode = FALSE
	EndGlobalSection
EndGlobal
